
Microsoft Visual Studio Solution File, Format Version 12.00
# Visual Studio 15
Project("{FAE04EC0-301F-11D3-BF4B-00C04F79EFBC}") = "TextFileWriter", "TextFileWriter\TextFileWriter.csproj", "{29B4C6ED-3AE5-4CBF-990A-EA579C660325}"
EndProject
Project("{E53339B2-1760-4266-BCC7-CA923CBCF16C}") = "docker-compose", "docker-compose.dcproj", "{30451EC6-50C6-4ADA-BE95-8760CEDA8ACF}"
EndProject
Global
	GlobalSection(SolutionConfigurationPlatforms) = preSolution
		Debug|Any CPU = Debug|Any CPU
		Release|Any CPU = Release|Any CPU
	EndGlobalSection
	GlobalSection(ProjectConfigurationPlatforms) = postSolution
		{29B4C6ED-3AE5-4CBF-990A-EA579C660325}.Debug|Any CPU.ActiveCfg = Debug|Any CPU
		{29B4C6ED-3AE5-4CBF-990A-EA579C660325}.Debug|Any CPU.Build.0 = Debug|Any CPU
		{29B4C6ED-3AE5-4CBF-990A-EA579C660325}.Release|Any CPU.ActiveCfg = Release|Any CPU
		{29B4C6ED-3AE5-4CBF-990A-EA579C660325}.Release|Any CPU.Build.0 = Release|Any CPU
		{30451EC6-50C6-4ADA-BE95-8760CEDA8ACF}.Debug|Any CPU.ActiveCfg = Debug|Any CPU
		{30451EC6-50C6-4ADA-BE95-8760CEDA8ACF}.Debug|Any CPU.Build.0 = Debug|Any CPU
		{30451EC6-50C6-4ADA-BE95-8760CEDA8ACF}.Release|Any CPU.ActiveCfg = Release|Any CPU
		{30451EC6-50C6-4ADA-BE95-8760CEDA8ACF}.Release|Any CPU.Build.0 = Release|Any CPU
	EndGlobalSection
EndGlobal
